
Microsoft Visual Studio Solution File, Format Version 12.00
# Visual Studio 2012
Project("{8BC9CEB8-8B4A-11D0-8D11-00A0C91BC942}") = "NewFolderWithDate", "NewFolderWithDate\NewFolderWithDate.vcxproj", "{823E673A-7E31-42DD-8F4F-700DBF2264AD}"
EndProject
Global
	GlobalSection(SolutionConfigurationPlatforms) = preSolution
		Debug|Win32 = Debug|Win32
		Release|Win32 = Release|Win32
	EndGlobalSection
	GlobalSection(ProjectConfigurationPlatforms) = postSolution
		{823E673A-7E31-42DD-8F4F-700DBF2264AD}.Debug|Win32.ActiveCfg = Debug|Win32
		{823E673A-7E31-42DD-8F4F-700DBF2264AD}.Debug|Win32.Build.0 = Debug|Win32
		{823E673A-7E31-42DD-8F4F-700DBF2264AD}.Release|Win32.ActiveCfg = Release|Win32
		{823E673A-7E31-42DD-8F4F-700DBF2264AD}.Release|Win32.Build.0 = Release|Win32
	EndGlobalSection
	GlobalSection(SolutionProperties) = preSolution
		HideSolutionNode = FALSE
	EndGlobalSection
EndGlobal
